
Microsoft Visual Studio Solution File, Format Version 12.00
# Visual Studio 15
VisualStudioVersion = 15.0.28307.168
MinimumVisualStudioVersion = 10.0.40219.1
Project("{FAE04EC0-301F-11D3-BF4B-00C04F79EFBC}") = "Postfix", "Postfix\Postfix.csproj", "{CFFBA1BE-9C22-4E97-83D9-488E3BD9E8B3}"
EndProject
Global
	GlobalSection(SolutionConfigurationPlatforms) = preSolution
		Debug|Any CPU = Debug|Any CPU
		Release|Any CPU = Release|Any CPU
	EndGlobalSection
	GlobalSection(ProjectConfigurationPlatforms) = postSolution
		{CFFBA1BE-9C22-4E97-83D9-488E3BD9E8B3}.Debug|Any CPU.ActiveCfg = Debug|Any CPU
		{CFFBA1BE-9C22-4E97-83D9-488E3BD9E8B3}.Debug|Any CPU.Build.0 = Debug|Any CPU
		{CFFBA1BE-9C22-4E97-83D9-488E3BD9E8B3}.Release|Any CPU.ActiveCfg = Release|Any CPU
		{CFFBA1BE-9C22-4E97-83D9-488E3BD9E8B3}.Release|Any CPU.Build.0 = Release|Any CPU
	EndGlobalSection
	GlobalSection(SolutionProperties) = preSolution
		HideSolutionNode = FALSE
	EndGlobalSection
	GlobalSection(ExtensibilityGlobals) = postSolution
		SolutionGuid = {D86872C3-BD32-46BC-859F-8D2208F87249}
	EndGlobalSection
EndGlobal
